<?xml version="1.0" encoding="utf-8"?>
<Project ToolsVersion="4.0" xmlns="http://schemas.microsoft.com/developer/msbuild/2003">
  <ItemGroup>
    <Filter Include="thirdparty">
      <UniqueIdentifier>{ea2418d7-5c1c-4109-91e1-50b17ccd3116}</UniqueIdentifier>
    </Filter>
    <Filter Include="classes">
      <UniqueIdentifier>{875ff469-96e2-4101-bb52-f407a066b00c}</UniqueIdentifier>
    </Filter>
    <Filter Include="classes\Source Files">
      <UniqueIdentifier>{4FC737F1-C7A5-4376-A066-2A32D752A2FF}</UniqueIdentifier>
      <Extensions>cpp;c;cc;cxx;def;odl;idl;hpj;bat;asm;asmx</Extensions>
    </Filter>
    <Filter Include="classes\Header Files">
      <UniqueIdentifier>{93995380-89BD-4b04-88EB-625FBE52EBFB}</UniqueIdentifier>
      <Extensions>h;hh;hpp;hxx;hm;inl;inc;ipp;xsd</Extensions>
    </Filter>
    <Filter Include="classes\Resource Files">
      <UniqueIdentifier>{67DA6AB6-F800-4c08-8B7A-83BB121AAD01}</UniqueIdentifier>
      <Extensions>rc;ico;cur;bmp;dlg;rc2;rct;bin;rgs;gif;jpg;jpeg;jpe;resx;tiff;tif;png;wav;mfcribbon-ms</Extensions>
    </Filter>
    <Filter Include="Engine">
      <UniqueIdentifier>{cbd6a861-4d6e-4c63-b617-9f926a8df22c}</UniqueIdentifier>
    </Filter>
    <Filter Include="Engine\entity">
      <UniqueIdentifier>{96040ee4-650d-417f-bdb5-b594bf0281d2}</UniqueIdentifier>
    </Filter>
    <Filter Include="Engine\screenmanager">
      <UniqueIdentifier>{268b4d91-4afb-4e43-a142-9e1c0bc96c1b}</UniqueIdentifier>
    </Filter>
    <Filter Include="Engine\main">
      <UniqueIdentifier>{73a87c27-2220-40d9-93b8-dfb178af8b12}</UniqueIdentifier>
    </Filter>
    <Filter Include="Engine\scene">
      <UniqueIdentifier>{a115db08-c96b-4cc4-a7ce-a6db6d537335}</UniqueIdentifier>
    </Filter>
    <Filter Include="Engine\memory">
      <UniqueIdentifier>{e1388c38-c673-4d55-9ee4-767c39ff7017}</UniqueIdentifier>
    </Filter>
    <Filter Include="Engine\game">
      <UniqueIdentifier>{0518dd9a-2268-4715-878c-365d837abbfe}</UniqueIdentifier>
    </Filter>
    <Filter Include="Engine\input">
      <UniqueIdentifier>{f81cc3de-29b7-4eb4-91ab-6b089c9dc619}</UniqueIdentifier>
    </Filter>
    <Filter Include="Render">
      <UniqueIdentifier>{d938b6ec-918b-4e68-978f-7efa93cefd78}</UniqueIdentifier>
    </Filter>
    <Filter Include="Render\light">
      <UniqueIdentifier>{9ba10b55-f697-4539-b1d8-210a15c57bd3}</UniqueIdentifier>
    </Filter>
    <Filter Include="Render\terrain">
      <UniqueIdentifier>{b58126f7-3796-4e80-bc8f-65db97a92123}</UniqueIdentifier>
    </Filter>
    <Filter Include="Render\model">
      <UniqueIdentifier>{6983ffe5-45a3-4324-ad08-a5898b0b6d39}</UniqueIdentifier>
    </Filter>
    <Filter Include="Render\shader">
      <UniqueIdentifier>{231d889c-a9ef-4a81-9753-29ca763aefdd}</UniqueIdentifier>
    </Filter>
    <Filter Include="Render\texture">
      <UniqueIdentifier>{b5006b46-a3e7-4eec-be3b-23463f44ae7f}</UniqueIdentifier>
    </Filter>
    <Filter Include="Render\camera">
      <UniqueIdentifier>{9310dee5-e75d-4499-8f4b-4510f335af6f}</UniqueIdentifier>
    </Filter>
    <Filter Include="Render\renderer">
      <UniqueIdentifier>{027c84c1-8c2d-4b7a-85f6-a469b7e7f4f7}</UniqueIdentifier>
    </Filter>
    <Filter Include="Render\gui">
      <UniqueIdentifier>{6e50e176-799a-4919-b453-eeb0f12c79c9}</UniqueIdentifier>
    </Filter>
    <Filter Include="Render\gui\imgui">
      <UniqueIdentifier>{375a26e7-3cbb-441f-97b6-2ccb56ef7a59}</UniqueIdentifier>
    </Filter>
    <Filter Include="Engine\component">
      <UniqueIdentifier>{da340fb6-62a6-4a13-bf58-fd07ff41a6ea}</UniqueIdentifier>
    </Filter>
    <Filter Include="Render\buffer">
      <UniqueIdentifier>{d0c360b1-21e5-4bf6-a86e-5dd040395c40}</UniqueIdentifier>
    </Filter>
    <Filter Include="Resources">
      <UniqueIdentifier>{5903392f-1799-4bb8-a56d-cffe67eda827}</UniqueIdentifier>
    </Filter>
    <Filter Include="Resources\shaders">
      <UniqueIdentifier>{5b367f10-1ae1-4492-a5ba-ec3885f3f9df}</UniqueIdentifier>
    </Filter>
    <Filter Include="Engine\time">
      <UniqueIdentifier>{bb533b8d-1f6c-4743-9d0e-b22342c640af}</UniqueIdentifier>
    </Filter>
    <Filter Include="Engine\physics">
      <UniqueIdentifier>{03cef783-7818-452b-9f2e-8ff25c159321}</UniqueIdentifier>
    </Filter>
    <Filter Include="Engine\math">
      <UniqueIdentifier>{82234c11-f705-4386-a911-2342a3036d92}</UniqueIdentifier>
    </Filter>
  </ItemGroup>
  <ItemGroup>
    <ClCompile Include="..\thirdparty\include\imgui\imgui.cpp">
      <Filter>Render\gui\imgui</Filter>
    </ClCompile>
    <ClCompile Include="..\thirdparty\include\imgui\imgui_demo.cpp">
      <Filter>Render\gui\imgui</Filter>
    </ClCompile>
    <ClCompile Include="..\thirdparty\include\imgui\imgui_draw.cpp">
      <Filter>Render\gui\imgui</Filter>
    </ClCompile>
    <ClCompile Include="..\thirdparty\include\imgui\imgui_impl_glfw.cpp">
      <Filter>Render\gui\imgui</Filter>
    </ClCompile>
    <ClCompile Include="..\thirdparty\include\imgui\imgui_impl_opengl3.cpp">
      <Filter>Render\gui\imgui</Filter>
    </ClCompile>
    <ClCompile Include="..\thirdparty\include\imgui\imgui_widgets.cpp">
      <Filter>Render\gui\imgui</Filter>
    </ClCompile>
    <ClCompile Include="source\glad.c">
      <Filter>thirdparty</Filter>
    </ClCompile>
    <ClCompile Include="source\Chroma.cpp">
      <Filter>Engine\main</Filter>
    </ClCompile>
    <ClCompile Include="source\Render\renderer\Renderer.cpp">
      <Filter>Render\renderer</Filter>
    </ClCompile>
    <ClCompile Include="source\Render\terrain\Terrain.cpp">
      <Filter>Render\terrain</Filter>
    </ClCompile>
    <ClCompile Include="source\Render\texture\CubeMap.cpp">
      <Filter>Render\texture</Filter>
    </ClCompile>
    <ClCompile Include="source\Render\texture\Texture.cpp">
      <Filter>Render\texture</Filter>
    </ClCompile>
    <ClCompile Include="source\Engine\component\ChromaMeshComponent.cpp">
      <Filter>Engine\component</Filter>
    </ClCompile>
    <ClCompile Include="source\Engine\entity\ChromaEntity.cpp">
      <Filter>Engine\entity</Filter>
    </ClCompile>
    <ClCompile Include="source\Engine\game\ChromaGame.cpp">
      <Filter>Engine\game</Filter>
    </ClCompile>
    <ClCompile Include="source\Render\gui\ChromaGUI.cpp">
      <Filter>Render\gui</Filter>
    </ClCompile>
    <ClCompile Include="source\Engine\memory\ChromaUID.cpp">
      <Filter>Engine\memory</Filter>
    </ClCompile>
    <ClCompile Include="source\Engine\screenmanager\ChromaScreenManager.cpp">
      <Filter>Engine\screenmanager</Filter>
    </ClCompile>
    <ClCompile Include="source\Render\shader\GeometryShader.cpp">
      <Filter>Render\shader</Filter>
    </ClCompile>
    <ClCompile Include="source\Render\shader\Shader.cpp">
      <Filter>Render\shader</Filter>
    </ClCompile>
    <ClCompile Include="source\Render\shader\Uniform.cpp">
      <Filter>Render\shader</Filter>
    </ClCompile>
    <ClCompile Include="source\Render\model\BoxPrimitive.cpp">
      <Filter>Render\model</Filter>
    </ClCompile>
    <ClCompile Include="source\Render\model\Instance.cpp">
      <Filter>Render\model</Filter>
    </ClCompile>
    <ClCompile Include="source\Render\model\LinePrimitive.cpp">
      <Filter>Render\model</Filter>
    </ClCompile>
    <ClCompile Include="source\Render\model\Model.cpp">
      <Filter>Render\model</Filter>
    </ClCompile>
    <ClCompile Include="source\Render\model\PlanePrimitive.cpp">
      <Filter>Render\model</Filter>
    </ClCompile>
    <ClCompile Include="source\Render\model\SkyBox.cpp">
      <Filter>Render\model</Filter>
    </ClCompile>
    <ClCompile Include="source\Render\model\StaticMesh.cpp">
      <Filter>Render\model</Filter>
    </ClCompile>
    <ClCompile Include="source\Render\buffer\Framebuffer.cpp">
      <Filter>Render\buffer</Filter>
    </ClCompile>
    <ClCompile Include="source\Render\buffer\GBuffer.cpp">
      <Filter>Render\buffer</Filter>
    </ClCompile>
    <ClCompile Include="source\Render\buffer\PostFXBuffer.cpp">
      <Filter>Render\buffer</Filter>
    </ClCompile>
    <ClCompile Include="source\Render\buffer\ShadowBuffer.cpp">
      <Filter>Render\buffer</Filter>
    </ClCompile>
    <ClCompile Include="source\Render\buffer\SSAOBuffer.cpp">
      <Filter>Render\buffer</Filter>
    </ClCompile>
    <ClCompile Include="source\Render\camera\Camera.cpp">
      <Filter>Render\camera</Filter>
    </ClCompile>
    <ClCompile Include="source\Render\light\Light.cpp">
      <Filter>Render\light</Filter>
    </ClCompile>
    <ClCompile Include="source\Engine\time\ChromaTime.cpp">
      <Filter>Engine\time</Filter>
    </ClCompile>
    <ClCompile Include="source\Engine\input\ChromaInput.cpp">
      <Filter>Engine\input</Filter>
    </ClCompile>
    <ClCompile Include="source\Render\model\CapsulePrimitive.cpp">
      <Filter>Render\model</Filter>
    </ClCompile>
    <ClCompile Include="source\Render\model\SpherePrimitive.cpp">
      <Filter>Render\model</Filter>
    </ClCompile>
    <ClCompile Include="source\Engine\physics\Physics.cpp">
      <Filter>Engine\physics</Filter>
    </ClCompile>
    <ClCompile Include="source\Engine\component\ChromaPhysicsComponent.cpp">
      <Filter>Engine\component</Filter>
    </ClCompile>
    <ClCompile Include="source\Engine\scene\ChromaScene.cpp">
      <Filter>Engine\scene</Filter>
    </ClCompile>
  </ItemGroup>
  <ItemGroup>
    <ClInclude Include="..\thirdparty\include\imgui\imconfig.h">
      <Filter>Render\gui\imgui</Filter>
    </ClInclude>
    <ClInclude Include="..\thirdparty\include\imgui\imgui.h">
      <Filter>Render\gui\imgui</Filter>
    </ClInclude>
    <ClInclude Include="..\thirdparty\include\imgui\imgui_impl_glfw.h">
      <Filter>Render\gui\imgui</Filter>
    </ClInclude>
    <ClInclude Include="..\thirdparty\include\imgui\imgui_impl_opengl3.h">
      <Filter>Render\gui\imgui</Filter>
    </ClInclude>
    <ClInclude Include="..\thirdparty\include\imgui\imgui_internal.h">
      <Filter>Render\gui\imgui</Filter>
    </ClInclude>
    <ClInclude Include="..\thirdparty\include\imgui\imstb_rectpack.h">
      <Filter>Render\gui\imgui</Filter>
    </ClInclude>
    <ClInclude Include="..\thirdparty\include\imgui\imstb_textedit.h">
      <Filter>Render\gui\imgui</Filter>
    </ClInclude>
    <ClInclude Include="..\thirdparty\include\imgui\imstb_truetype.h">
      <Filter>Render\gui\imgui</Filter>
    </ClInclude>
    <ClInclude Include="resource.h">
      <Filter>classes\Resource Files</Filter>
    </ClInclude>
    <ClInclude Include="source\Render\renderer\ChromaRendererConfig.h">
      <Filter>Render\renderer</Filter>
    </ClInclude>
    <ClInclude Include="source\Render\renderer\Renderer.h">
      <Filter>Render\renderer</Filter>
    </ClInclude>
    <ClInclude Include="source\Render\terrain\Terrain.h">
      <Filter>Render\terrain</Filter>
    </ClInclude>
    <ClInclude Include="source\Render\texture\CubeMap.h">
      <Filter>Render\texture</Filter>
    </ClInclude>
    <ClInclude Include="source\Render\texture\stb_image.h">
      <Filter>Render\texture</Filter>
    </ClInclude>
    <ClInclude Include="source\Render\texture\Texture.h">
      <Filter>Render\texture</Filter>
    </ClInclude>
    <ClInclude Include="source\Engine\component\ChromaMeshComponent.h">
      <Filter>Engine\component</Filter>
    </ClInclude>
    <ClInclude Include="source\Engine\component\IChromaComponent.h">
      <Filter>Engine\component</Filter>
    </ClInclude>
    <ClInclude Include="source\Engine\game\ChromaGame.h">
      <Filter>Engine\game</Filter>
    </ClInclude>
    <ClInclude Include="source\Render\gui\ChromaGUI.h">
      <Filter>Render\gui</Filter>
    </ClInclude>
    <ClInclude Include="source\Engine\memory\ChromaUID.h">
      <Filter>Engine\memory</Filter>
    </ClInclude>
    <ClInclude Include="source\Engine\memory\packed_freelist.h">
      <Filter>Engine\memory</Filter>
    </ClInclude>
    <ClInclude Include="source\Engine\screenmanager\ChromaScreenManager.h">
      <Filter>Engine\screenmanager</Filter>
    </ClInclude>
    <ClInclude Include="source\Engine\screenmanager\ChromaScreenManagerConfig.h">
      <Filter>Engine\screenmanager</Filter>
    </ClInclude>
    <ClInclude Include="source\Render\shader\GeometryShader.h">
      <Filter>Render\shader</Filter>
    </ClInclude>
    <ClInclude Include="source\Render\shader\Shader.h">
      <Filter>Render\shader</Filter>
    </ClInclude>
    <ClInclude Include="source\Render\shader\Uniform.h">
      <Filter>Render\shader</Filter>
    </ClInclude>
    <ClInclude Include="source\Render\model\BoxPrimitive.h">
      <Filter>Render\model</Filter>
    </ClInclude>
    <ClInclude Include="source\Render\model\Instance.h">
      <Filter>Render\model</Filter>
    </ClInclude>
    <ClInclude Include="source\Render\model\LinePrimitive.h">
      <Filter>Render\model</Filter>
    </ClInclude>
    <ClInclude Include="source\Render\model\Model.h">
      <Filter>Render\model</Filter>
    </ClInclude>
    <ClInclude Include="source\Render\model\PlanePrimitive.h">
      <Filter>Render\model</Filter>
    </ClInclude>
    <ClInclude Include="source\Render\model\SkyBox.h">
      <Filter>Render\model</Filter>
    </ClInclude>
    <ClInclude Include="source\Render\model\StaticMesh.h">
      <Filter>Render\model</Filter>
    </ClInclude>
    <ClInclude Include="source\Render\buffer\Framebuffer.h">
      <Filter>Render\buffer</Filter>
    </ClInclude>
    <ClInclude Include="source\Render\buffer\GBuffer.h">
      <Filter>Render\buffer</Filter>
    </ClInclude>
    <ClInclude Include="source\Render\buffer\PostFXBuffer.h">
      <Filter>Render\buffer</Filter>
    </ClInclude>
    <ClInclude Include="source\Render\buffer\ShadowBuffer.h">
      <Filter>Render\buffer</Filter>
    </ClInclude>
    <ClInclude Include="source\Render\buffer\SSAOBuffer.h">
      <Filter>Render\buffer</Filter>
    </ClInclude>
    <ClInclude Include="source\Render\camera\Camera.h">
      <Filter>Render\camera</Filter>
    </ClInclude>
    <ClInclude Include="source\Render\light\Light.h">
      <Filter>Render\light</Filter>
    </ClInclude>
    <ClInclude Include="source\Engine\time\ChromaTime.h">
      <Filter>Engine\time</Filter>
    </ClInclude>
    <ClInclude Include="source\Engine\input\ChromaInput.h">
      <Filter>Engine\input</Filter>
    </ClInclude>
    <ClInclude Include="source\Render\model\CapsulePrimitive.h">
      <Filter>Render\model</Filter>
    </ClInclude>
    <ClInclude Include="source\Render\model\SpherePrimitive.h">
      <Filter>Render\model</Filter>
    </ClInclude>
    <ClInclude Include="source\Engine\physics\Physics.h">
      <Filter>Engine\physics</Filter>
    </ClInclude>
    <ClInclude Include="source\Engine\entity\ChromaEntity.h">
      <Filter>Engine\entity</Filter>
    </ClInclude>
    <ClInclude Include="source\Engine\component\ChromaPhysicsComponent.h">
      <Filter>Engine\component</Filter>
    </ClInclude>
    <ClInclude Include="source\Render\model\Vertex.h">
      <Filter>Render\model</Filter>
    </ClInclude>
    <ClInclude Include="source\Engine\entity\IChromaEntity.h">
      <Filter>Engine\entity</Filter>
    </ClInclude>
    <ClInclude Include="source\Engine\scene\ChromaScene.h">
      <Filter>Engine\scene</Filter>
    </ClInclude>
    <ClInclude Include="source\Engine\math\ChromaMath.h">
      <Filter>Engine\math</Filter>
    </ClInclude>
  </ItemGroup>
  <ItemGroup>
    <ResourceCompile Include="Chroma.rc">
      <Filter>classes\Resource Files</Filter>
    </ResourceCompile>
  </ItemGroup>
  <ItemGroup>
    <None Include="resources\shaders\fragConstant.glsl">
      <Filter>Resources\shaders</Filter>
    </None>
    <None Include="resources\shaders\fragDepth.glsl">
      <Filter>Resources\shaders</Filter>
    </None>
    <None Include="resources\shaders\fragLit.glsl">
      <Filter>Resources\shaders</Filter>
    </None>
    <None Include="resources\shaders\vertexShaderLighting.glsl">
      <Filter>Resources\shaders</Filter>
    </None>
    <None Include="resources\shaders\fragAlpha.glsl">
      <Filter>Resources\shaders</Filter>
    </None>
    <None Include="resources\shaders\frameBufferFrag.glsl">
      <Filter>Resources\shaders</Filter>
    </None>
    <None Include="resources\shaders\frameBufferVertex.glsl">
      <Filter>Resources\shaders</Filter>
    </None>
    <None Include="resources\shaders\skyBoxFrag.glsl">
      <Filter>Resources\shaders</Filter>
    </None>
    <None Include="resources\shaders\skyBoxVertex.glsl">
      <Filter>Resources\shaders</Filter>
    </None>
    <None Include="resources\shaders\fragLitReflect.glsl">
      <Filter>Resources\shaders</Filter>
    </None>
    <None Include="resources\shaders\fragRefraction.glsl">
      <Filter>Resources\shaders</Filter>
    </None>
    <None Include="resources\shaders\fragDebugNormals.glsl">
      <Filter>Resources\shaders</Filter>
    </None>
    <None Include="resources\shaders\vertexDebugNormals.glsl">
      <Filter>Resources\shaders</Filter>
    </None>
    <None Include="resources\shaders\geometryDebugNormals.glsl">
      <Filter>Resources\shaders</Filter>
    </None>
    <None Include="resources\shaders\fragDepthMap.glsl">
      <Filter>Resources\shaders</Filter>
    </None>
    <None Include="resources\shaders\vertexDepthMap.glsl">
      <Filter>Resources\shaders</Filter>
    </None>
    <None Include="resources\shaders\fragLitShadows.glsl">
      <Filter>Resources\shaders</Filter>
    </None>
    <None Include="resources\shaders\vertexLitShadows.glsl">
      <Filter>Resources\shaders</Filter>
    </None>
    <None Include="resources\shaders\fragLitShadowsNormals.glsl">
      <Filter>Resources\shaders</Filter>
    </None>
    <None Include="resources\shaders\vertexLitShadowsNormals.glsl">
      <Filter>Resources\shaders</Filter>
    </None>
    <None Include="resources\shaders\fragHDRframebuffer.glsl">
      <Filter>Resources\shaders</Filter>
    </None>
    <None Include="resources\shaders\fragBloomFrameBuffer.glsl">
      <Filter>Resources\shaders</Filter>
    </None>
    <None Include="resources\shaders\fragBlur.glsl">
      <Filter>Resources\shaders</Filter>
    </None>
    <None Include="resources\shaders\fragLightingCalculations.glsl">
      <Filter>Resources\shaders</Filter>
    </None>
    <None Include="resources\shaders\fragGBufferLit.glsl">
      <Filter>Resources\shaders</Filter>
    </None>
    <None Include="resources\shaders\fragLightingStructs.glsl">
      <Filter>Resources\shaders</Filter>
    </None>
    <None Include="resources\shaders\fragSSAO.glsl">
      <Filter>Resources\shaders</Filter>
    </None>
    <None Include="resources\shaders\fragSSAOBlur.glsl">
      <Filter>Resources\shaders</Filter>
    </None>
    <None Include="resources\shaders\vertexGBufferLit.glsl">
      <Filter>Resources\shaders</Filter>
    </None>
    <None Include="resources\shaders\fragGBufferGeometry.glsl">
      <Filter>Resources\shaders</Filter>
    </None>
    <None Include="resources\shaders\fragGBufferLightingCalculations.glsl">
      <Filter>Resources\shaders</Filter>
    </None>
    <None Include="resources\shaders\vertexLineBillboard.glsl">
      <Filter>Resources\shaders</Filter>
    </None>
    <None Include="resources\shaders\fragLineBillboard.glsl">
      <Filter>Resources\shaders</Filter>
    </None>
  </ItemGroup>
</Project>