<?xml version="1.0" encoding="utf-8"?>
<Project ToolsVersion="4.0" xmlns="http://schemas.microsoft.com/developer/msbuild/2003">
  <ItemGroup>
    <Filter Include="thirdparty">
      <UniqueIdentifier>{ea2418d7-5c1c-4109-91e1-50b17ccd3116}</UniqueIdentifier>
    </Filter>
    <Filter Include="Engine">
      <UniqueIdentifier>{cbd6a861-4d6e-4c63-b617-9f926a8df22c}</UniqueIdentifier>
    </Filter>
    <Filter Include="Engine\entity">
      <UniqueIdentifier>{96040ee4-650d-417f-bdb5-b594bf0281d2}</UniqueIdentifier>
    </Filter>
    <Filter Include="Engine\scene">
      <UniqueIdentifier>{a115db08-c96b-4cc4-a7ce-a6db6d537335}</UniqueIdentifier>
    </Filter>
    <Filter Include="Engine\input">
      <UniqueIdentifier>{f81cc3de-29b7-4eb4-91ab-6b089c9dc619}</UniqueIdentifier>
    </Filter>
    <Filter Include="Render">
      <UniqueIdentifier>{d938b6ec-918b-4e68-978f-7efa93cefd78}</UniqueIdentifier>
    </Filter>
    <Filter Include="Render\light">
      <UniqueIdentifier>{9ba10b55-f697-4539-b1d8-210a15c57bd3}</UniqueIdentifier>
    </Filter>
    <Filter Include="Render\terrain">
      <UniqueIdentifier>{b58126f7-3796-4e80-bc8f-65db97a92123}</UniqueIdentifier>
    </Filter>
    <Filter Include="Render\model">
      <UniqueIdentifier>{6983ffe5-45a3-4324-ad08-a5898b0b6d39}</UniqueIdentifier>
    </Filter>
    <Filter Include="Render\shader">
      <UniqueIdentifier>{231d889c-a9ef-4a81-9753-29ca763aefdd}</UniqueIdentifier>
    </Filter>
    <Filter Include="Render\texture">
      <UniqueIdentifier>{b5006b46-a3e7-4eec-be3b-23463f44ae7f}</UniqueIdentifier>
    </Filter>
    <Filter Include="Render\camera">
      <UniqueIdentifier>{9310dee5-e75d-4499-8f4b-4510f335af6f}</UniqueIdentifier>
    </Filter>
    <Filter Include="Render\gui">
      <UniqueIdentifier>{6e50e176-799a-4919-b453-eeb0f12c79c9}</UniqueIdentifier>
    </Filter>
    <Filter Include="Render\gui\imgui">
      <UniqueIdentifier>{375a26e7-3cbb-441f-97b6-2ccb56ef7a59}</UniqueIdentifier>
    </Filter>
    <Filter Include="Engine\component">
      <UniqueIdentifier>{da340fb6-62a6-4a13-bf58-fd07ff41a6ea}</UniqueIdentifier>
    </Filter>
    <Filter Include="Render\buffer">
      <UniqueIdentifier>{d0c360b1-21e5-4bf6-a86e-5dd040395c40}</UniqueIdentifier>
    </Filter>
    <Filter Include="Resources">
      <UniqueIdentifier>{5903392f-1799-4bb8-a56d-cffe67eda827}</UniqueIdentifier>
    </Filter>
    <Filter Include="Resources\shaders">
      <UniqueIdentifier>{5b367f10-1ae1-4492-a5ba-ec3885f3f9df}</UniqueIdentifier>
    </Filter>
    <Filter Include="Engine\time">
      <UniqueIdentifier>{bb533b8d-1f6c-4743-9d0e-b22342c640af}</UniqueIdentifier>
    </Filter>
    <Filter Include="Engine\physics">
      <UniqueIdentifier>{03cef783-7818-452b-9f2e-8ff25c159321}</UniqueIdentifier>
    </Filter>
    <Filter Include="Engine\math">
      <UniqueIdentifier>{82234c11-f705-4386-a911-2342a3036d92}</UniqueIdentifier>
    </Filter>
    <Filter Include="Resources\shaders\util">
      <UniqueIdentifier>{1f622e47-80d9-4b80-a049-00b60c900aa2}</UniqueIdentifier>
    </Filter>
    <Filter Include="Resources\shaders\buffer">
      <UniqueIdentifier>{bdecfcfb-65ec-432e-aaa2-ea364be3da55}</UniqueIdentifier>
    </Filter>
    <Filter Include="Render\ibl">
      <UniqueIdentifier>{15a29999-dc41-4324-9f00-86a603256e73}</UniqueIdentifier>
    </Filter>
    <Filter Include="Engine\animation">
      <UniqueIdentifier>{7f812767-bd8b-4bc0-8293-b3d2d219fb3e}</UniqueIdentifier>
    </Filter>
    <Filter Include="Render\model\primitive">
      <UniqueIdentifier>{10734572-d2a5-4397-b293-638f911b8c2f}</UniqueIdentifier>
    </Filter>
    <Filter Include="Render\model\skybox">
      <UniqueIdentifier>{d2af5228-224d-45d4-af53-121e7e8d4cb0}</UniqueIdentifier>
    </Filter>
    <Filter Include="Render\model\mesh">
      <UniqueIdentifier>{1e30206c-bb5f-4af6-8418-7a1b233dd0d9}</UniqueIdentifier>
    </Filter>
    <Filter Include="Engine\uid">
      <UniqueIdentifier>{2d2902b3-1bbc-49e8-8323-3955b516950a}</UniqueIdentifier>
    </Filter>
    <Filter Include="Engine\logging">
      <UniqueIdentifier>{918c6227-a32c-463d-8d94-09277466ee03}</UniqueIdentifier>
    </Filter>
    <Filter Include="Engine\core">
      <UniqueIdentifier>{bacadcf9-e5ff-4323-8026-0596af866e93}</UniqueIdentifier>
    </Filter>
    <Filter Include="Resources\shaders\debug">
      <UniqueIdentifier>{daa803d9-806b-421c-b0b7-213daf12d631}</UniqueIdentifier>
    </Filter>
    <Filter Include="Engine\screen">
      <UniqueIdentifier>{268b4d91-4afb-4e43-a142-9e1c0bc96c1b}</UniqueIdentifier>
    </Filter>
    <Filter Include="Engine\common">
      <UniqueIdentifier>{3b6607b4-e538-4f5a-a1a5-c09133844210}</UniqueIdentifier>
    </Filter>
    <Filter Include="Game">
      <UniqueIdentifier>{5ae7c234-8423-4e26-a3a6-be99ef7e46e0}</UniqueIdentifier>
    </Filter>
    <Filter Include="Game\thirdperson">
      <UniqueIdentifier>{371cb667-8cf7-4093-be0b-76ec4cd61aaf}</UniqueIdentifier>
    </Filter>
    <Filter Include="Engine\engine">
      <UniqueIdentifier>{0518dd9a-2268-4715-878c-365d837abbfe}</UniqueIdentifier>
    </Filter>
    <Filter Include="Render\render">
      <UniqueIdentifier>{027c84c1-8c2d-4b7a-85f6-a469b7e7f4f7}</UniqueIdentifier>
    </Filter>
    <Filter Include="Engine\event">
      <UniqueIdentifier>{3a7332c2-e8d4-4bd8-b586-ec133dd234ab}</UniqueIdentifier>
    </Filter>
    <Filter Include="Engine\jobsystem">
      <UniqueIdentifier>{715fa53f-0e2f-4d97-8641-fcc9f1463a67}</UniqueIdentifier>
    </Filter>
    <Filter Include="Engine\memory">
      <UniqueIdentifier>{e1388c38-c673-4d55-9ee4-767c39ff7017}</UniqueIdentifier>
    </Filter>
    <Filter Include="Scenes">
      <UniqueIdentifier>{70328e1c-6f3f-4e69-a4a7-7ded12e31d6f}</UniqueIdentifier>
    </Filter>
    <Filter Include="Engine\resources">
      <UniqueIdentifier>{3fb27a9d-cbc6-4326-88a4-e587d6baaa6f}</UniqueIdentifier>
    </Filter>
    <Filter Include="Resources\shaders\ssss">
      <UniqueIdentifier>{80327f3e-ade1-400a-b720-1124abde4948}</UniqueIdentifier>
    </Filter>
  </ItemGroup>
  <ItemGroup>
    <ClCompile Include="..\thirdparty\include\imgui\imgui.cpp">
      <Filter>Render\gui\imgui</Filter>
    </ClCompile>
    <ClCompile Include="..\thirdparty\include\imgui\imgui_demo.cpp">
      <Filter>Render\gui\imgui</Filter>
    </ClCompile>
    <ClCompile Include="..\thirdparty\include\imgui\imgui_draw.cpp">
      <Filter>Render\gui\imgui</Filter>
    </ClCompile>
    <ClCompile Include="..\thirdparty\include\imgui\imgui_impl_glfw.cpp">
      <Filter>Render\gui\imgui</Filter>
    </ClCompile>
    <ClCompile Include="..\thirdparty\include\imgui\imgui_impl_opengl3.cpp">
      <Filter>Render\gui\imgui</Filter>
    </ClCompile>
    <ClCompile Include="..\thirdparty\include\imgui\imgui_widgets.cpp">
      <Filter>Render\gui\imgui</Filter>
    </ClCompile>
    <ClCompile Include="source\glad.c">
      <Filter>thirdparty</Filter>
    </ClCompile>
    <ClCompile Include="source\Render\terrain\Terrain.cpp">
      <Filter>Render\terrain</Filter>
    </ClCompile>
    <ClCompile Include="source\Render\texture\CubeMap.cpp">
      <Filter>Render\texture</Filter>
    </ClCompile>
    <ClCompile Include="source\Render\texture\Texture.cpp">
      <Filter>Render\texture</Filter>
    </ClCompile>
    <ClCompile Include="source\Render\shader\Shader.cpp">
      <Filter>Render\shader</Filter>
    </ClCompile>
    <ClCompile Include="source\Render\shader\Uniform.cpp">
      <Filter>Render\shader</Filter>
    </ClCompile>
    <ClCompile Include="source\Render\buffer\GBuffer.cpp">
      <Filter>Render\buffer</Filter>
    </ClCompile>
    <ClCompile Include="source\Render\buffer\PostFXBuffer.cpp">
      <Filter>Render\buffer</Filter>
    </ClCompile>
    <ClCompile Include="source\Render\buffer\ShadowBuffer.cpp">
      <Filter>Render\buffer</Filter>
    </ClCompile>
    <ClCompile Include="source\Render\buffer\SSAOBuffer.cpp">
      <Filter>Render\buffer</Filter>
    </ClCompile>
    <ClCompile Include="source\Render\camera\Camera.cpp">
      <Filter>Render\camera</Filter>
    </ClCompile>
    <ClCompile Include="source\Render\light\Light.cpp">
      <Filter>Render\light</Filter>
    </ClCompile>
    <ClCompile Include="source\Engine\physics\PhysicsDebug.cpp">
      <Filter>Engine\physics</Filter>
    </ClCompile>
    <ClCompile Include="source\Render\buffer\DebugBuffer.cpp">
      <Filter>Render\buffer</Filter>
    </ClCompile>
    <ClCompile Include="source\Render\buffer\ForwardBuffer.cpp">
      <Filter>Render\buffer</Filter>
    </ClCompile>
    <ClCompile Include="source\Render\texture\HDRTexture.cpp">
      <Filter>Render\texture</Filter>
    </ClCompile>
    <ClCompile Include="source\Render\ibl\IBL.cpp">
      <Filter>Render\ibl</Filter>
    </ClCompile>
    <ClCompile Include="source\Engine\animation\Skeleton.cpp">
      <Filter>Engine\animation</Filter>
    </ClCompile>
    <ClCompile Include="source\Render\model\CapsulePrimitive.cpp">
      <Filter>Render\model\primitive</Filter>
    </ClCompile>
    <ClCompile Include="source\Render\model\LinePrimitive.cpp">
      <Filter>Render\model\primitive</Filter>
    </ClCompile>
    <ClCompile Include="source\Render\model\PlanePrimitive.cpp">
      <Filter>Render\model\primitive</Filter>
    </ClCompile>
    <ClCompile Include="source\Render\model\SpherePrimitive.cpp">
      <Filter>Render\model\primitive</Filter>
    </ClCompile>
    <ClCompile Include="source\Render\model\BoxPrimitive.cpp">
      <Filter>Render\model\primitive</Filter>
    </ClCompile>
    <ClCompile Include="source\Render\model\SkyBox.cpp">
      <Filter>Render\model\skybox</Filter>
    </ClCompile>
    <ClCompile Include="source\Render\model\NDCPlanePrimitive.cpp">
      <Filter>Render\model\primitive</Filter>
    </ClCompile>
    <ClCompile Include="source\Render\camera\FlyCameraController.cpp">
      <Filter>Render\camera</Filter>
    </ClCompile>
    <ClCompile Include="source\Render\camera\MayaCameraController.cpp">
      <Filter>Render\camera</Filter>
    </ClCompile>
    <ClCompile Include="source\Engine\animation\Animator.cpp">
      <Filter>Engine\animation</Filter>
    </ClCompile>
    <ClCompile Include="source\Engine\physics\PhysicsEngine.cpp">
      <Filter>Engine\physics</Filter>
    </ClCompile>
    <ClCompile Include="source\Engine\input\Input.cpp">
      <Filter>Engine\input</Filter>
    </ClCompile>
    <ClCompile Include="source\Render\model\Model.cpp">
      <Filter>Render\model\mesh</Filter>
    </ClCompile>
    <ClCompile Include="source\Render\model\SkinnedMesh.cpp">
      <Filter>Render\model\mesh</Filter>
    </ClCompile>
    <ClCompile Include="source\Render\model\StaticMesh.cpp">
      <Filter>Render\model\mesh</Filter>
    </ClCompile>
    <ClCompile Include="source\Engine\entity\Entity.cpp">
      <Filter>Engine\entity</Filter>
    </ClCompile>
    <ClCompile Include="source\Engine\component\PhysicsComponent.cpp">
      <Filter>Engine\component</Filter>
    </ClCompile>
    <ClCompile Include="source\Engine\component\MeshComponent.cpp">
      <Filter>Engine\component</Filter>
    </ClCompile>
    <ClCompile Include="source\Engine\component\AnimationComponent.cpp">
      <Filter>Engine\component</Filter>
    </ClCompile>
    <ClCompile Include="source\Engine\scene\Scene.cpp">
      <Filter>Engine\scene</Filter>
    </ClCompile>
    <ClCompile Include="source\Engine\uid\UID.cpp">
      <Filter>Engine\uid</Filter>
    </ClCompile>
    <ClCompile Include="source\Engine\component\IComponent.cpp">
      <Filter>Engine\component</Filter>
    </ClCompile>
    <ClCompile Include="source\Engine\entity\IEntity.cpp">
      <Filter>Engine\entity</Filter>
    </ClCompile>
    <ClCompile Include="source\Engine\time\Time.cpp">
      <Filter>Engine\time</Filter>
    </ClCompile>
    <ClCompile Include="source\Engine\logging\Log.cpp">
      <Filter>Engine\logging</Filter>
    </ClCompile>
    <ClCompile Include="source\Engine\component\CharacterControllerComponent.cpp">
      <Filter>Engine\component</Filter>
    </ClCompile>
    <ClCompile Include="source\Render\gui\GUI.cpp">
      <Filter>Render\gui</Filter>
    </ClCompile>
    <ClCompile Include="source\Engine\screen\Screen.cpp">
      <Filter>Engine\screen</Filter>
    </ClCompile>
    <ClCompile Include="source\Engine\core\Core.cpp">
      <Filter>Engine\core</Filter>
    </ClCompile>
    <ClCompile Include="source\Game\thirdperson\ThirdPersonCameraController.cpp">
      <Filter>Game\thirdperson</Filter>
    </ClCompile>
    <ClCompile Include="source\Game\Game.cpp">
      <Filter>Game</Filter>
    </ClCompile>
    <ClCompile Include="source\Game\thirdperson\ThirdPersonCharacterController.cpp">
      <Filter>Game\thirdperson</Filter>
    </ClCompile>
    <ClCompile Include="source\Render\render\Render.cpp">
      <Filter>Render\render</Filter>
    </ClCompile>
    <ClCompile Include="source\Engine\engine\Engine.cpp">
      <Filter>Engine\engine</Filter>
    </ClCompile>
    <ClCompile Include="source\Render\buffer\IFramebuffer.cpp">
      <Filter>Render\buffer</Filter>
    </ClCompile>
    <ClCompile Include="source\Engine\animation\IStateMachine.cpp">
      <Filter>Engine\animation</Filter>
    </ClCompile>
    <ClCompile Include="source\Engine\jobsystem\JobSystem.cpp">
      <Filter>Engine\jobsystem</Filter>
    </ClCompile>
    <ClCompile Include="source\Scenes\Human.cpp">
      <Filter>Scenes</Filter>
    </ClCompile>
    <ClCompile Include="source\Engine\resources\AnimationCompression.cpp">
      <Filter>Engine\resources</Filter>
    </ClCompile>
    <ClCompile Include="source\Engine\resources\AnimationLoader.cpp">
      <Filter>Engine\resources</Filter>
    </ClCompile>
    <ClCompile Include="source\Engine\resources\ModelLoader.cpp">
      <Filter>Engine\resources</Filter>
    </ClCompile>
    <ClCompile Include="source\Engine\resources\TextureLoader.cpp">
      <Filter>Engine\resources</Filter>
    </ClCompile>
    <ClCompile Include="source\Engine\resources\ResourceManager.cpp">
      <Filter>Engine\resources</Filter>
    </ClCompile>
  </ItemGroup>
  <ItemGroup>
    <ClInclude Include="..\thirdparty\include\imgui\imconfig.h">
      <Filter>Render\gui\imgui</Filter>
    </ClInclude>
    <ClInclude Include="..\thirdparty\include\imgui\imgui.h">
      <Filter>Render\gui\imgui</Filter>
    </ClInclude>
    <ClInclude Include="..\thirdparty\include\imgui\imgui_impl_glfw.h">
      <Filter>Render\gui\imgui</Filter>
    </ClInclude>
    <ClInclude Include="..\thirdparty\include\imgui\imgui_impl_opengl3.h">
      <Filter>Render\gui\imgui</Filter>
    </ClInclude>
    <ClInclude Include="..\thirdparty\include\imgui\imgui_internal.h">
      <Filter>Render\gui\imgui</Filter>
    </ClInclude>
    <ClInclude Include="..\thirdparty\include\imgui\imstb_rectpack.h">
      <Filter>Render\gui\imgui</Filter>
    </ClInclude>
    <ClInclude Include="..\thirdparty\include\imgui\imstb_textedit.h">
      <Filter>Render\gui\imgui</Filter>
    </ClInclude>
    <ClInclude Include="..\thirdparty\include\imgui\imstb_truetype.h">
      <Filter>Render\gui\imgui</Filter>
    </ClInclude>
    <ClInclude Include="source\Render\terrain\Terrain.h">
      <Filter>Render\terrain</Filter>
    </ClInclude>
    <ClInclude Include="source\Render\texture\CubeMap.h">
      <Filter>Render\texture</Filter>
    </ClInclude>
    <ClInclude Include="source\Render\texture\stb_image.h">
      <Filter>Render\texture</Filter>
    </ClInclude>
    <ClInclude Include="source\Render\texture\Texture.h">
      <Filter>Render\texture</Filter>
    </ClInclude>
    <ClInclude Include="source\Engine\memory\packed_freelist.h">
      <Filter>Engine\memory</Filter>
    </ClInclude>
    <ClInclude Include="source\Render\shader\Shader.h">
      <Filter>Render\shader</Filter>
    </ClInclude>
    <ClInclude Include="source\Render\shader\Uniform.h">
      <Filter>Render\shader</Filter>
    </ClInclude>
    <ClInclude Include="source\Render\buffer\GBuffer.h">
      <Filter>Render\buffer</Filter>
    </ClInclude>
    <ClInclude Include="source\Render\buffer\PostFXBuffer.h">
      <Filter>Render\buffer</Filter>
    </ClInclude>
    <ClInclude Include="source\Render\buffer\ShadowBuffer.h">
      <Filter>Render\buffer</Filter>
    </ClInclude>
    <ClInclude Include="source\Render\buffer\SSAOBuffer.h">
      <Filter>Render\buffer</Filter>
    </ClInclude>
    <ClInclude Include="source\Render\camera\Camera.h">
      <Filter>Render\camera</Filter>
    </ClInclude>
    <ClInclude Include="source\Render\light\Light.h">
      <Filter>Render\light</Filter>
    </ClInclude>
    <ClInclude Include="source\Engine\physics\PhysicsDebug.h">
      <Filter>Engine\physics</Filter>
    </ClInclude>
    <ClInclude Include="source\Render\buffer\DebugBuffer.h">
      <Filter>Render\buffer</Filter>
    </ClInclude>
    <ClInclude Include="source\Render\buffer\ForwardBuffer.h">
      <Filter>Render\buffer</Filter>
    </ClInclude>
    <ClInclude Include="source\Render\texture\HDRTexture.h">
      <Filter>Render\texture</Filter>
    </ClInclude>
    <ClInclude Include="source\Render\ibl\IBL.h">
      <Filter>Render\ibl</Filter>
    </ClInclude>
    <ClInclude Include="source\Engine\animation\Skeleton.h">
      <Filter>Engine\animation</Filter>
    </ClInclude>
    <ClInclude Include="source\Render\model\CapsulePrimitive.h">
      <Filter>Render\model\primitive</Filter>
    </ClInclude>
    <ClInclude Include="source\Render\model\LinePrimitive.h">
      <Filter>Render\model\primitive</Filter>
    </ClInclude>
    <ClInclude Include="source\Render\model\PlanePrimitive.h">
      <Filter>Render\model\primitive</Filter>
    </ClInclude>
    <ClInclude Include="source\Render\model\SpherePrimitive.h">
      <Filter>Render\model\primitive</Filter>
    </ClInclude>
    <ClInclude Include="source\Render\model\BoxPrimitive.h">
      <Filter>Render\model\primitive</Filter>
    </ClInclude>
    <ClInclude Include="source\Render\model\SkyBox.h">
      <Filter>Render\model\skybox</Filter>
    </ClInclude>
    <ClInclude Include="source\Render\model\NDCPlanePrimitive.h">
      <Filter>Render\model\primitive</Filter>
    </ClInclude>
    <ClInclude Include="source\Render\camera\FlyCameraController.h">
      <Filter>Render\camera</Filter>
    </ClInclude>
    <ClInclude Include="source\Render\camera\MayaCameraController.h">
      <Filter>Render\camera</Filter>
    </ClInclude>
    <ClInclude Include="source\Render\camera\ICameraController.h">
      <Filter>Render\camera</Filter>
    </ClInclude>
    <ClInclude Include="source\Engine\ChromaConfig.h">
      <Filter>Engine</Filter>
    </ClInclude>
    <ClInclude Include="source\Engine\animation\Animator.h">
      <Filter>Engine\animation</Filter>
    </ClInclude>
    <ClInclude Include="source\Engine\physics\PhysicsEngine.h">
      <Filter>Engine\physics</Filter>
    </ClInclude>
    <ClInclude Include="source\Engine\input\Input.h">
      <Filter>Engine\input</Filter>
    </ClInclude>
    <ClInclude Include="source\Engine\math\Math.h">
      <Filter>Engine\math</Filter>
    </ClInclude>
    <ClInclude Include="source\Render\model\Model.h">
      <Filter>Render\model\mesh</Filter>
    </ClInclude>
    <ClInclude Include="source\Render\model\SkinnedMesh.h">
      <Filter>Render\model\mesh</Filter>
    </ClInclude>
    <ClInclude Include="source\Render\model\SkinnedVertex.h">
      <Filter>Render\model\mesh</Filter>
    </ClInclude>
    <ClInclude Include="source\Render\model\StaticMesh.h">
      <Filter>Render\model\mesh</Filter>
    </ClInclude>
    <ClInclude Include="source\Render\model\Vertex.h">
      <Filter>Render\model\mesh</Filter>
    </ClInclude>
    <ClInclude Include="source\Engine\entity\IEntity.h">
      <Filter>Engine\entity</Filter>
    </ClInclude>
    <ClInclude Include="source\Engine\entity\Entity.h">
      <Filter>Engine\entity</Filter>
    </ClInclude>
    <ClInclude Include="source\Engine\component\IComponent.h">
      <Filter>Engine\component</Filter>
    </ClInclude>
    <ClInclude Include="source\Engine\component\PhysicsComponent.h">
      <Filter>Engine\component</Filter>
    </ClInclude>
    <ClInclude Include="source\Engine\component\MeshComponent.h">
      <Filter>Engine\component</Filter>
    </ClInclude>
    <ClInclude Include="source\Engine\component\AnimationComponent.h">
      <Filter>Engine\component</Filter>
    </ClInclude>
    <ClInclude Include="source\Engine\scene\Scene.h">
      <Filter>Engine\scene</Filter>
    </ClInclude>
    <ClInclude Include="source\Engine\uid\UID.h">
      <Filter>Engine\uid</Filter>
    </ClInclude>
    <ClInclude Include="source\Engine\time\Time.h">
      <Filter>Engine\time</Filter>
    </ClInclude>
    <ClInclude Include="source\Engine\logging\Log.h">
      <Filter>Engine\logging</Filter>
    </ClInclude>
    <ClInclude Include="source\Engine\core\Core.h">
      <Filter>Engine\core</Filter>
    </ClInclude>
    <ClInclude Include="source\Engine\component\CharacterControllerComponent.h">
      <Filter>Engine\component</Filter>
    </ClInclude>
    <ClInclude Include="source\Render\gui\GUI.h">
      <Filter>Render\gui</Filter>
    </ClInclude>
    <ClInclude Include="source\Engine\screen\Screen.h">
      <Filter>Engine\screen</Filter>
    </ClInclude>
    <ClInclude Include="source\Engine\common\CoreCommon.h">
      <Filter>Engine\common</Filter>
    </ClInclude>
    <ClInclude Include="source\Game\thirdperson\ThirdPersonCameraController.h">
      <Filter>Game\thirdperson</Filter>
    </ClInclude>
    <ClInclude Include="source\Game\thirdperson\ThirdPersonCharacterController.h">
      <Filter>Game\thirdperson</Filter>
    </ClInclude>
    <ClInclude Include="source\Render\render\Render.h">
      <Filter>Render\render</Filter>
    </ClInclude>
    <ClInclude Include="source\Engine\engine\Engine.h">
      <Filter>Engine\engine</Filter>
    </ClInclude>
    <ClInclude Include="source\Render\buffer\IFramebuffer.h">
      <Filter>Render\buffer</Filter>
    </ClInclude>
    <ClInclude Include="source\Render\model\MeshData.h">
      <Filter>Render\model\mesh</Filter>
    </ClInclude>
    <ClInclude Include="source\Engine\animation\IStateMachine.h">
      <Filter>Engine\animation</Filter>
    </ClInclude>
    <ClInclude Include="source\Engine\event\Event.h">
      <Filter>Engine\event</Filter>
    </ClInclude>
    <ClInclude Include="source\Engine\event\ApplicationEvent.h">
      <Filter>Engine\event</Filter>
    </ClInclude>
    <ClInclude Include="source\Engine\event\KeyEvent.h">
      <Filter>Engine\event</Filter>
    </ClInclude>
    <ClInclude Include="source\Engine\input\MouseCodes.h">
      <Filter>Engine\input</Filter>
    </ClInclude>
    <ClInclude Include="source\Engine\event\MouseEvent.h">
      <Filter>Engine\event</Filter>
    </ClInclude>
    <ClInclude Include="source\Engine\jobsystem\JobSystem.h">
      <Filter>Engine\jobsystem</Filter>
    </ClInclude>
    <ClInclude Include="source\Engine\resources\AnimationCompression.h">
      <Filter>Engine\resources</Filter>
    </ClInclude>
    <ClInclude Include="source\Engine\resources\AnimationLoader.h">
      <Filter>Engine\resources</Filter>
    </ClInclude>
    <ClInclude Include="source\Engine\resources\ModelLoader.h">
      <Filter>Engine\resources</Filter>
    </ClInclude>
    <ClInclude Include="source\Engine\resources\TextureLoader.h">
      <Filter>Engine\resources</Filter>
    </ClInclude>
    <ClInclude Include="source\Engine\resources\ResourceManager.h">
      <Filter>Engine\resources</Filter>
    </ClInclude>
  </ItemGroup>
  <ItemGroup>
    <None Include="resources\shaders\fragBasic.glsl">
      <Filter>Resources\shaders</Filter>
    </None>
    <None Include="resources\shaders\fragEmpty.glsl">
      <Filter>Resources\shaders</Filter>
    </None>
    <None Include="resources\shaders\fragLitShadowsNormals.glsl">
      <Filter>Resources\shaders</Filter>
    </None>
    <None Include="resources\shaders\fragRefraction.glsl">
      <Filter>Resources\shaders</Filter>
    </None>
    <None Include="resources\shaders\vertexLineBillboard.glsl">
      <Filter>Resources\shaders</Filter>
    </None>
    <None Include="resources\shaders\vertexLineShader.glsl">
      <Filter>Resources\shaders</Filter>
    </None>
    <None Include="resources\shaders\vertexLitShadows.glsl">
      <Filter>Resources\shaders</Filter>
    </None>
    <None Include="resources\shaders\vertexLitShadowsNormals.glsl">
      <Filter>Resources\shaders</Filter>
    </None>
    <None Include="resources\shaders\vertexShaderLighting.glsl">
      <Filter>Resources\shaders</Filter>
    </None>
    <None Include="resources\shaders\fragBloomFrameBuffer.glsl">
      <Filter>Resources\shaders\buffer</Filter>
    </None>
    <None Include="resources\shaders\fragBlur.glsl">
      <Filter>Resources\shaders\buffer</Filter>
    </None>
    <None Include="resources\shaders\fragDepth.glsl">
      <Filter>Resources\shaders\buffer</Filter>
    </None>
    <None Include="resources\shaders\fragGBufferGeometry.glsl">
      <Filter>Resources\shaders\buffer</Filter>
    </None>
    <None Include="resources\shaders\fragGBufferLit.glsl">
      <Filter>Resources\shaders\buffer</Filter>
    </None>
    <None Include="resources\shaders\fragSSAO.glsl">
      <Filter>Resources\shaders\buffer</Filter>
    </None>
    <None Include="resources\shaders\fragSSAOBlur.glsl">
      <Filter>Resources\shaders\buffer</Filter>
    </None>
    <None Include="resources\shaders\frameBufferFrag.glsl">
      <Filter>Resources\shaders\buffer</Filter>
    </None>
    <None Include="resources\shaders\frameBufferVertex.glsl">
      <Filter>Resources\shaders\buffer</Filter>
    </None>
    <None Include="resources\shaders\vertexGBufferLit.glsl">
      <Filter>Resources\shaders\buffer</Filter>
    </None>
    <None Include="resources\shaders\vertexDepthMap.glsl">
      <Filter>Resources\shaders\buffer</Filter>
    </None>
    <None Include="resources\shaders\util\materialStruct.glsl">
      <Filter>Resources\shaders\util</Filter>
    </None>
    <None Include="resources\shaders\util\lightingStructs.glsl">
      <Filter>Resources\shaders\util</Filter>
    </None>
    <None Include="resources\shaders\util\BlinnPhongLightingCalculations.glsl">
      <Filter>Resources\shaders\util</Filter>
    </None>
    <None Include="resources\shaders\util\PBRLightingCalculations.glsl">
      <Filter>Resources\shaders\util</Filter>
    </None>
    <None Include="resources\shaders\fragPBR.glsl">
      <Filter>Resources\shaders</Filter>
    </None>
    <None Include="resources\shaders\fragPBRAlpha.glsl">
      <Filter>Resources\shaders</Filter>
    </None>
    <None Include="resources\shaders\vertexSkyBox.glsl">
      <Filter>Resources\shaders</Filter>
    </None>
    <None Include="resources\shaders\fragSkyBox.glsl">
      <Filter>Resources\shaders</Filter>
    </None>
    <None Include="resources\shaders\fragIBL.glsl">
      <Filter>Resources\shaders</Filter>
    </None>
    <None Include="resources\shaders\vertexCubeMap.glsl">
      <Filter>Resources\shaders</Filter>
    </None>
    <None Include="resources\shaders\fragHDRSkyBox.glsl">
      <Filter>Resources\shaders</Filter>
    </None>
    <None Include="resources\shaders\fragIrradiance.glsl">
      <Filter>Resources\shaders</Filter>
    </None>
    <None Include="resources\shaders\fragPrefilter.glsl">
      <Filter>Resources\shaders</Filter>
    </None>
    <None Include="resources\shaders\fragBRDF.glsl">
      <Filter>Resources\shaders</Filter>
    </None>
    <None Include="resources\shaders\fragCoordinatesDebug.glsl">
      <Filter>Resources\shaders\debug</Filter>
    </None>
    <None Include="resources\shaders\geometryCoordinatesDebug.glsl">
      <Filter>Resources\shaders\debug</Filter>
    </None>
    <None Include="resources\shaders\vertexCoordinatesDebug.glsl">
      <Filter>Resources\shaders\debug</Filter>
    </None>
    <None Include="resources\shaders\fragJointDebug.glsl">
      <Filter>Resources\shaders\debug</Filter>
    </None>
    <None Include="resources\shaders\geometryBoxDebug.glsl">
      <Filter>Resources\shaders\debug</Filter>
    </None>
    <None Include="resources\shaders\geometryDebugNormals.glsl">
      <Filter>Resources\shaders\debug</Filter>
    </None>
    <None Include="resources\shaders\geometryJointDebug.glsl">
      <Filter>Resources\shaders\debug</Filter>
    </None>
    <None Include="resources\shaders\geometryLineDebug.glsl">
      <Filter>Resources\shaders\debug</Filter>
    </None>
    <None Include="resources\shaders\geometrySphereDebug.glsl">
      <Filter>Resources\shaders\debug</Filter>
    </None>
    <None Include="resources\shaders\vertexBoxDebug.glsl">
      <Filter>Resources\shaders\debug</Filter>
    </None>
    <None Include="resources\shaders\vertexDebugNormals.glsl">
      <Filter>Resources\shaders\debug</Filter>
    </None>
    <None Include="resources\shaders\vertexJointDebug.glsl">
      <Filter>Resources\shaders\debug</Filter>
    </None>
    <None Include="resources\shaders\vertexLineDebug.glsl">
      <Filter>Resources\shaders\debug</Filter>
    </None>
    <None Include="resources\shaders\vertexSphereDebug.glsl">
      <Filter>Resources\shaders\debug</Filter>
    </None>
    <None Include="resources\shaders\fragSSSS.glsl">
      <Filter>Resources\shaders\ssss</Filter>
    </None>
  </ItemGroup>
</Project>