<?xml version="1.0" encoding="utf-8"?>
<Project ToolsVersion="4.0" xmlns="http://schemas.microsoft.com/developer/msbuild/2003">
  <ItemGroup>
    <Filter Include="model">
      <UniqueIdentifier>{6983ffe5-45a3-4324-ad08-a5898b0b6d39}</UniqueIdentifier>
    </Filter>
    <Filter Include="shader">
      <UniqueIdentifier>{231d889c-a9ef-4a81-9753-29ca763aefdd}</UniqueIdentifier>
    </Filter>
    <Filter Include="texture">
      <UniqueIdentifier>{b5006b46-a3e7-4eec-be3b-23463f44ae7f}</UniqueIdentifier>
    </Filter>
    <Filter Include="camera">
      <UniqueIdentifier>{9310dee5-e75d-4499-8f4b-4510f335af6f}</UniqueIdentifier>
    </Filter>
    <Filter Include="light">
      <UniqueIdentifier>{9ba10b55-f697-4539-b1d8-210a15c57bd3}</UniqueIdentifier>
    </Filter>
    <Filter Include="resources">
      <UniqueIdentifier>{5903392f-1799-4bb8-a56d-cffe67eda827}</UniqueIdentifier>
    </Filter>
    <Filter Include="resources\shaders">
      <UniqueIdentifier>{5b367f10-1ae1-4492-a5ba-ec3885f3f9df}</UniqueIdentifier>
    </Filter>
    <Filter Include="buffers">
      <UniqueIdentifier>{d0c360b1-21e5-4bf6-a86e-5dd040395c40}</UniqueIdentifier>
    </Filter>
    <Filter Include="thirdparty">
      <UniqueIdentifier>{ea2418d7-5c1c-4109-91e1-50b17ccd3116}</UniqueIdentifier>
    </Filter>
    <Filter Include="main">
      <UniqueIdentifier>{73a87c27-2220-40d9-93b8-dfb178af8b12}</UniqueIdentifier>
    </Filter>
    <Filter Include="gui">
      <UniqueIdentifier>{6e50e176-799a-4919-b453-eeb0f12c79c9}</UniqueIdentifier>
    </Filter>
    <Filter Include="gui\imgui">
      <UniqueIdentifier>{375a26e7-3cbb-441f-97b6-2ccb56ef7a59}</UniqueIdentifier>
    </Filter>
    <Filter Include="classes">
      <UniqueIdentifier>{875ff469-96e2-4101-bb52-f407a066b00c}</UniqueIdentifier>
    </Filter>
    <Filter Include="classes\Source Files">
      <UniqueIdentifier>{4FC737F1-C7A5-4376-A066-2A32D752A2FF}</UniqueIdentifier>
      <Extensions>cpp;c;cc;cxx;def;odl;idl;hpj;bat;asm;asmx</Extensions>
    </Filter>
    <Filter Include="classes\Header Files">
      <UniqueIdentifier>{93995380-89BD-4b04-88EB-625FBE52EBFB}</UniqueIdentifier>
      <Extensions>h;hh;hpp;hxx;hm;inl;inc;ipp;xsd</Extensions>
    </Filter>
    <Filter Include="classes\Resource Files">
      <UniqueIdentifier>{67DA6AB6-F800-4c08-8B7A-83BB121AAD01}</UniqueIdentifier>
      <Extensions>rc;ico;cur;bmp;dlg;rc2;rct;bin;rgs;gif;jpg;jpeg;jpe;resx;tiff;tif;png;wav;mfcribbon-ms</Extensions>
    </Filter>
    <Filter Include="screenmanager">
      <UniqueIdentifier>{268b4d91-4afb-4e43-a142-9e1c0bc96c1b}</UniqueIdentifier>
    </Filter>
  </ItemGroup>
  <ItemGroup>
    <ClCompile Include="..\thirdparty\include\imgui\imgui.cpp">
      <Filter>gui\imgui</Filter>
    </ClCompile>
    <ClCompile Include="..\thirdparty\include\imgui\imgui_demo.cpp">
      <Filter>gui\imgui</Filter>
    </ClCompile>
    <ClCompile Include="..\thirdparty\include\imgui\imgui_draw.cpp">
      <Filter>gui\imgui</Filter>
    </ClCompile>
    <ClCompile Include="..\thirdparty\include\imgui\imgui_impl_glfw.cpp">
      <Filter>gui\imgui</Filter>
    </ClCompile>
    <ClCompile Include="..\thirdparty\include\imgui\imgui_impl_opengl3.cpp">
      <Filter>gui\imgui</Filter>
    </ClCompile>
    <ClCompile Include="..\thirdparty\include\imgui\imgui_widgets.cpp">
      <Filter>gui\imgui</Filter>
    </ClCompile>
    <ClCompile Include="source\models\BoxPrimitive.cpp">
      <Filter>model</Filter>
    </ClCompile>
    <ClCompile Include="source\cameras\Camera.cpp">
      <Filter>camera</Filter>
    </ClCompile>
    <ClCompile Include="source\lights\Light.cpp">
      <Filter>light</Filter>
    </ClCompile>
    <ClCompile Include="source\models\Mesh.cpp">
      <Filter>model</Filter>
    </ClCompile>
    <ClCompile Include="source\shaders\Shader.cpp">
      <Filter>shader</Filter>
    </ClCompile>
    <ClCompile Include="source\models\Model.cpp">
      <Filter>model</Filter>
    </ClCompile>
    <ClCompile Include="source\textures\Texture.cpp">
      <Filter>texture</Filter>
    </ClCompile>
    <ClCompile Include="source\models\PlanePrimitive.cpp">
      <Filter>model</Filter>
    </ClCompile>
    <ClCompile Include="source\glad.c">
      <Filter>thirdparty</Filter>
    </ClCompile>
    <ClCompile Include="source\Chroma.cpp">
      <Filter>main</Filter>
    </ClCompile>
    <ClCompile Include="source\screenManager\ChromaScreenManager.cpp">
      <Filter>screenmanager</Filter>
    </ClCompile>
    <ClCompile Include="source\buffers\Framebuffer.cpp">
      <Filter>buffers</Filter>
    </ClCompile>
    <ClCompile Include="source\buffers\VertexBuffer.cpp">
      <Filter>buffers</Filter>
    </ClCompile>
    <ClCompile Include="source\gui\ChromaGUI.cpp">
      <Filter>gui</Filter>
    </ClCompile>
    <ClCompile Include="source\textures\CubeMap.cpp">
      <Filter>texture</Filter>
    </ClCompile>
    <ClCompile Include="source\models\SkyBox.cpp">
      <Filter>model</Filter>
    </ClCompile>
  </ItemGroup>
  <ItemGroup>
    <ClInclude Include="..\thirdparty\include\imgui\imconfig.h">
      <Filter>gui\imgui</Filter>
    </ClInclude>
    <ClInclude Include="..\thirdparty\include\imgui\imgui.h">
      <Filter>gui\imgui</Filter>
    </ClInclude>
    <ClInclude Include="..\thirdparty\include\imgui\imgui_impl_glfw.h">
      <Filter>gui\imgui</Filter>
    </ClInclude>
    <ClInclude Include="..\thirdparty\include\imgui\imgui_impl_opengl3.h">
      <Filter>gui\imgui</Filter>
    </ClInclude>
    <ClInclude Include="..\thirdparty\include\imgui\imgui_internal.h">
      <Filter>gui\imgui</Filter>
    </ClInclude>
    <ClInclude Include="..\thirdparty\include\imgui\imstb_rectpack.h">
      <Filter>gui\imgui</Filter>
    </ClInclude>
    <ClInclude Include="..\thirdparty\include\imgui\imstb_textedit.h">
      <Filter>gui\imgui</Filter>
    </ClInclude>
    <ClInclude Include="..\thirdparty\include\imgui\imstb_truetype.h">
      <Filter>gui\imgui</Filter>
    </ClInclude>
    <ClInclude Include="source\models\Mesh.h">
      <Filter>model</Filter>
    </ClInclude>
    <ClInclude Include="source\models\Model.h">
      <Filter>model</Filter>
    </ClInclude>
    <ClInclude Include="source\models\BoxPrimitive.h">
      <Filter>model</Filter>
    </ClInclude>
    <ClInclude Include="resource.h">
      <Filter>classes\Resource Files</Filter>
    </ClInclude>
    <ClInclude Include="source\textures\Texture.h">
      <Filter>texture</Filter>
    </ClInclude>
    <ClInclude Include="source\textures\stb_image.h">
      <Filter>texture</Filter>
    </ClInclude>
    <ClInclude Include="source\shaders\Shader.h">
      <Filter>shader</Filter>
    </ClInclude>
    <ClInclude Include="source\lights\Light.h">
      <Filter>light</Filter>
    </ClInclude>
    <ClInclude Include="source\cameras\Camera.h">
      <Filter>camera</Filter>
    </ClInclude>
    <ClInclude Include="source\models\PlanePrimitive.h">
      <Filter>model</Filter>
    </ClInclude>
    <ClInclude Include="source\screenManager\ChromaScreenManager.h">
      <Filter>screenmanager</Filter>
    </ClInclude>
    <ClInclude Include="source\buffers\Framebuffer.h">
      <Filter>buffers</Filter>
    </ClInclude>
    <ClInclude Include="source\buffers\VertexBuffer.h">
      <Filter>buffers</Filter>
    </ClInclude>
    <ClInclude Include="source\gui\ChromaGUI.h">
      <Filter>gui</Filter>
    </ClInclude>
    <ClInclude Include="source\screenmanager\ChromaScreenManagerConfig.h">
      <Filter>screenmanager</Filter>
    </ClInclude>
    <ClInclude Include="source\textures\CubeMap.h">
      <Filter>texture</Filter>
    </ClInclude>
    <ClInclude Include="source\models\SkyBox.h">
      <Filter>model</Filter>
    </ClInclude>
  </ItemGroup>
  <ItemGroup>
    <ResourceCompile Include="Chroma.rc">
      <Filter>classes\Resource Files</Filter>
    </ResourceCompile>
  </ItemGroup>
  <ItemGroup>
    <None Include="resources\shaders\fragConstant.glsl">
      <Filter>resources\shaders</Filter>
    </None>
    <None Include="resources\shaders\fragDepth.glsl">
      <Filter>resources\shaders</Filter>
    </None>
    <None Include="resources\shaders\fragLit.glsl">
      <Filter>resources\shaders</Filter>
    </None>
    <None Include="resources\shaders\fragTest.glsl">
      <Filter>resources\shaders</Filter>
    </None>
    <None Include="resources\shaders\vertexShaderLighting.glsl">
      <Filter>resources\shaders</Filter>
    </None>
    <None Include="resources\shaders\fragAlpha.glsl">
      <Filter>resources\shaders</Filter>
    </None>
    <None Include="resources\shaders\frameBufferFrag.glsl">
      <Filter>resources\shaders</Filter>
    </None>
    <None Include="resources\shaders\frameBufferVertex.glsl">
      <Filter>resources\shaders</Filter>
    </None>
    <None Include="resources\shaders\skyBoxFrag.glsl">
      <Filter>resources\shaders</Filter>
    </None>
    <None Include="resources\shaders\skyBoxVertex.glsl">
      <Filter>resources\shaders</Filter>
    </None>
    <None Include="resources\shaders\fragLitReflect.glsl">
      <Filter>resources\shaders</Filter>
    </None>
    <None Include="resources\shaders\fragRefraction.glsl">
      <Filter>resources\shaders</Filter>
    </None>
  </ItemGroup>
</Project>